
Microsoft Visual Studio Solution File, Format Version 12.00
# Visual Studio Version 17
VisualStudioVersion = 17.14.37411.7 d17.14
MinimumVisualStudioVersion = 10.0.40219.1
Project("{888888A0-9F3D-457C-B088-3A5042F75D52}") = "function", "function\function.pyproj", "{968C0A3D-08E8-4710-9DCE-8D11F1E67E22}"
EndProject
Global
	GlobalSection(SolutionConfigurationPlatforms) = preSolution
		Debug|Any CPU = Debug|Any CPU
		Release|Any CPU = Release|Any CPU
	EndGlobalSection
	GlobalSection(ProjectConfigurationPlatforms) = postSolution
		{968C0A3D-08E8-4710-9DCE-8D11F1E67E22}.Debug|Any CPU.ActiveCfg = Debug|Any CPU
		{968C0A3D-08E8-4710-9DCE-8D11F1E67E22}.Release|Any CPU.ActiveCfg = Release|Any CPU
	EndGlobalSection
	GlobalSection(SolutionProperties) = preSolution
		HideSolutionNode = FALSE
	EndGlobalSection
	GlobalSection(ExtensibilityGlobals) = postSolution
		SolutionGuid = {C289562D-87BC-4154-8361-E823121ECA53}
	EndGlobalSection
EndGlobal
