
Microsoft Visual Studio Solution File, Format Version 12.00
# Visual Studio Version 17
VisualStudioVersion = 17.14.37411.7 d17.14
MinimumVisualStudioVersion = 10.0.40219.1
Project("{888888A0-9F3D-457C-B088-3A5042F75D52}") = "Wordle", "Wordle\Wordle.pyproj", "{8588456E-1D2D-4669-A321-BBA8F7DF2289}"
EndProject
Global
	GlobalSection(SolutionConfigurationPlatforms) = preSolution
		Debug|Any CPU = Debug|Any CPU
		Release|Any CPU = Release|Any CPU
	EndGlobalSection
	GlobalSection(ProjectConfigurationPlatforms) = postSolution
		{8588456E-1D2D-4669-A321-BBA8F7DF2289}.Debug|Any CPU.ActiveCfg = Debug|Any CPU
		{8588456E-1D2D-4669-A321-BBA8F7DF2289}.Release|Any CPU.ActiveCfg = Release|Any CPU
	EndGlobalSection
	GlobalSection(SolutionProperties) = preSolution
		HideSolutionNode = FALSE
	EndGlobalSection
	GlobalSection(ExtensibilityGlobals) = postSolution
		SolutionGuid = {EBDDDEC7-C741-4575-AD36-18D87D065E71}
	EndGlobalSection
EndGlobal
